
Microsoft Visual Studio Solution File, Format Version 12.00
# Visual Studio Version 16
VisualStudioVersion = 16.0.30804.86
MinimumVisualStudioVersion = 10.0.40219.1
Project("{9A19103F-16F7-4668-BE54-9A1E7A4F7556}") = "DAL", "..\DAL\DAL.csproj", "{77901895-654D-4287-B024-2CF857C50BD3}"
EndProject
Project("{9A19103F-16F7-4668-BE54-9A1E7A4F7556}") = "ConsoleUI", "..\ConsoleUI\ConsoleUI.csproj", "{FD549409-AE69-4EDB-ABA3-7277F8915FB5}"
EndProject
Project("{9A19103F-16F7-4668-BE54-9A1E7A4F7556}") = "ConsoleUI_BL", "ConsoleUI_BL\ConsoleUI_BL.csproj", "{DE5846A7-E67E-480B-B2AC-8F7EF49C1F49}"
EndProject
Project("{9A19103F-16F7-4668-BE54-9A1E7A4F7556}") = "BL", "BL\BL.csproj", "{1D78318B-BFA5-4C6C-BE6E-4A58A31CC4DC}"
EndProject
Project("{9A19103F-16F7-4668-BE54-9A1E7A4F7556}") = "PL", "PL\PL.csproj", "{1CCC17FA-6BE6-4F76-A89E-3614361F01C4}"
EndProject
Project("{9A19103F-16F7-4668-BE54-9A1E7A4F7556}") = "DalApi", "DalApi\DalApi.csproj", "{D32C19A7-9A40-4593-A427-51F4574AA16E}"
EndProject
Project("{9A19103F-16F7-4668-BE54-9A1E7A4F7556}") = "DalObject", "DalObject\DalObject.csproj", "{53682A94-0235-4003-8D78-8EFFCF605FB1}"
EndProject
Project("{9A19103F-16F7-4668-BE54-9A1E7A4F7556}") = "DalXml", "DalXml\DalXml.csproj", "{F4971E31-AB66-4C5E-B60B-106382049097}"
EndProject
Project("{2150E333-8FDC-42A3-9474-1A3956D46DE8}") = "xml", "xml", "{728BB01C-F01B-4629-A852-4E0A9896F8AC}"
	ProjectSection(SolutionItems) = preProject
		..\..\..\..\..\Documents\dal-config.xml = ..\..\..\..\..\Documents\dal-config.xml
	EndProjectSection
EndProject
Global
	GlobalSection(SolutionConfigurationPlatforms) = preSolution
		Debug|Any CPU = Debug|Any CPU
		Release|Any CPU = Release|Any CPU
	EndGlobalSection
	GlobalSection(ProjectConfigurationPlatforms) = postSolution
		{77901895-654D-4287-B024-2CF857C50BD3}.Debug|Any CPU.ActiveCfg = Debug|Any CPU
		{77901895-654D-4287-B024-2CF857C50BD3}.Debug|Any CPU.Build.0 = Debug|Any CPU
		{77901895-654D-4287-B024-2CF857C50BD3}.Release|Any CPU.ActiveCfg = Release|Any CPU
		{77901895-654D-4287-B024-2CF857C50BD3}.Release|Any CPU.Build.0 = Release|Any CPU
		{FD549409-AE69-4EDB-ABA3-7277F8915FB5}.Debug|Any CPU.ActiveCfg = Debug|Any CPU
		{FD549409-AE69-4EDB-ABA3-7277F8915FB5}.Debug|Any CPU.Build.0 = Debug|Any CPU
		{FD549409-AE69-4EDB-ABA3-7277F8915FB5}.Release|Any CPU.ActiveCfg = Release|Any CPU
		{FD549409-AE69-4EDB-ABA3-7277F8915FB5}.Release|Any CPU.Build.0 = Release|Any CPU
		{DE5846A7-E67E-480B-B2AC-8F7EF49C1F49}.Debug|Any CPU.ActiveCfg = Debug|Any CPU
		{DE5846A7-E67E-480B-B2AC-8F7EF49C1F49}.Debug|Any CPU.Build.0 = Debug|Any CPU
		{DE5846A7-E67E-480B-B2AC-8F7EF49C1F49}.Release|Any CPU.ActiveCfg = Release|Any CPU
		{DE5846A7-E67E-480B-B2AC-8F7EF49C1F49}.Release|Any CPU.Build.0 = Release|Any CPU
		{1D78318B-BFA5-4C6C-BE6E-4A58A31CC4DC}.Debug|Any CPU.ActiveCfg = Debug|Any CPU
		{1D78318B-BFA5-4C6C-BE6E-4A58A31CC4DC}.Debug|Any CPU.Build.0 = Debug|Any CPU
		{1D78318B-BFA5-4C6C-BE6E-4A58A31CC4DC}.Release|Any CPU.ActiveCfg = Release|Any CPU
		{1D78318B-BFA5-4C6C-BE6E-4A58A31CC4DC}.Release|Any CPU.Build.0 = Release|Any CPU
		{1CCC17FA-6BE6-4F76-A89E-3614361F01C4}.Debug|Any CPU.ActiveCfg = Debug|Any CPU
		{1CCC17FA-6BE6-4F76-A89E-3614361F01C4}.Debug|Any CPU.Build.0 = Debug|Any CPU
		{1CCC17FA-6BE6-4F76-A89E-3614361F01C4}.Release|Any CPU.ActiveCfg = Release|Any CPU
		{1CCC17FA-6BE6-4F76-A89E-3614361F01C4}.Release|Any CPU.Build.0 = Release|Any CPU
		{D32C19A7-9A40-4593-A427-51F4574AA16E}.Debug|Any CPU.ActiveCfg = Debug|Any CPU
		{D32C19A7-9A40-4593-A427-51F4574AA16E}.Debug|Any CPU.Build.0 = Debug|Any CPU
		{D32C19A7-9A40-4593-A427-51F4574AA16E}.Release|Any CPU.ActiveCfg = Release|Any CPU
		{D32C19A7-9A40-4593-A427-51F4574AA16E}.Release|Any CPU.Build.0 = Release|Any CPU
		{53682A94-0235-4003-8D78-8EFFCF605FB1}.Debug|Any CPU.ActiveCfg = Debug|Any CPU
		{53682A94-0235-4003-8D78-8EFFCF605FB1}.Debug|Any CPU.Build.0 = Debug|Any CPU
		{53682A94-0235-4003-8D78-8EFFCF605FB1}.Release|Any CPU.ActiveCfg = Release|Any CPU
		{53682A94-0235-4003-8D78-8EFFCF605FB1}.Release|Any CPU.Build.0 = Release|Any CPU
		{F4971E31-AB66-4C5E-B60B-106382049097}.Debug|Any CPU.ActiveCfg = Debug|Any CPU
		{F4971E31-AB66-4C5E-B60B-106382049097}.Debug|Any CPU.Build.0 = Debug|Any CPU
		{F4971E31-AB66-4C5E-B60B-106382049097}.Release|Any CPU.ActiveCfg = Release|Any CPU
		{F4971E31-AB66-4C5E-B60B-106382049097}.Release|Any CPU.Build.0 = Release|Any CPU
	EndGlobalSection
	GlobalSection(SolutionProperties) = preSolution
		HideSolutionNode = FALSE
	EndGlobalSection
	GlobalSection(ExtensibilityGlobals) = postSolution
		SolutionGuid = {149012F1-10C7-4060-B260-4D386B3F5BE0}
	EndGlobalSection
EndGlobal
